// !$*UTF8*$!
{
	archiveVersion = 1;
	classes = {
	};
	objectVersion = 50;
	objects = {

/* Begin PBXBuildFile section */
		2108D96CA058D1EC18A91414 /* Pods_Menu.framework in Frameworks */ = {isa = PBXBuildFile; fileRef = 6BBD9B5320D859834947D670 /* Pods_Menu.framework */; };
		5D4458A2209115B800BB92A3 /* GoogleService-Info.plist in Resources */ = {isa = PBXBuildFile; fileRef = 5D4458A1209115B800BB92A3 /* GoogleService-Info.plist */; };
		5D47056020A50FF500C25222 /* ItemsTableViewCell.swift in Sources */ = {isa = PBXBuildFile; fileRef = 5D47055F20A50FF500C25222 /* ItemsTableViewCell.swift */; };
		5DBF245120A0BD950057440B /* ScrollViewController.swift in Sources */ = {isa = PBXBuildFile; fileRef = 5DBF245020A0BD950057440B /* ScrollViewController.swift */; };
		5DD8FC39209387C700F085CD /* TabBarViewController.swift in Sources */ = {isa = PBXBuildFile; fileRef = 5DD8FC38209387C700F085CD /* TabBarViewController.swift */; };
		5DD8FC3B2093880100F085CD /* MenuFinderViewController.swift in Sources */ = {isa = PBXBuildFile; fileRef = 5DD8FC3A2093880100F085CD /* MenuFinderViewController.swift */; };
		5DD8FC3D2093899E00F085CD /* CameraViewController.swift in Sources */ = {isa = PBXBuildFile; fileRef = 5DD8FC3C2093899E00F085CD /* CameraViewController.swift */; };
		5DD8FC422094180700F085CD /* InitialScreenViewController.swift in Sources */ = {isa = PBXBuildFile; fileRef = 5DD8FC412094180700F085CD /* InitialScreenViewController.swift */; };
		5DD8FC4820953D4200F085CD /* MenuDisplayViewController.swift in Sources */ = {isa = PBXBuildFile; fileRef = 5DD8FC4720953D4200F085CD /* MenuDisplayViewController.swift */; };
		5DE3F6F820A23324001334B3 /* Restaurant.swift in Sources */ = {isa = PBXBuildFile; fileRef = 5DE3F6F720A23324001334B3 /* Restaurant.swift */; };
		5DE3F6FA20A24D3E001334B3 /* RestaurantController.swift in Sources */ = {isa = PBXBuildFile; fileRef = 5DE3F6F920A24D3E001334B3 /* RestaurantController.swift */; };
		5DE3F6FC20A3D4CA001334B3 /* TableViewsController.swift in Sources */ = {isa = PBXBuildFile; fileRef = 5DE3F6FB20A3D4CA001334B3 /* TableViewsController.swift */; };
		5DF8BA4D208E325800019E5E /* AppDelegate.swift in Sources */ = {isa = PBXBuildFile; fileRef = 5DF8BA4C208E325800019E5E /* AppDelegate.swift */; };
		5DF8BA52208E325800019E5E /* Main.storyboard in Resources */ = {isa = PBXBuildFile; fileRef = 5DF8BA50208E325800019E5E /* Main.storyboard */; };
		5DF8BA54208E325800019E5E /* Assets.xcassets in Resources */ = {isa = PBXBuildFile; fileRef = 5DF8BA53208E325800019E5E /* Assets.xcassets */; };
		5DF8BA57208E325800019E5E /* LaunchScreen.storyboard in Resources */ = {isa = PBXBuildFile; fileRef = 5DF8BA55208E325800019E5E /* LaunchScreen.storyboard */; };
/* End PBXBuildFile section */

/* Begin PBXFileReference section */
		5D4458A1209115B800BB92A3 /* GoogleService-Info.plist */ = {isa = PBXFileReference; fileEncoding = 4; lastKnownFileType = text.plist.xml; path = "GoogleService-Info.plist"; sourceTree = "<group>"; };
		5D47055F20A50FF500C25222 /* ItemsTableViewCell.swift */ = {isa = PBXFileReference; lastKnownFileType = sourcecode.swift; path = ItemsTableViewCell.swift; sourceTree = "<group>"; };
		5D4CA86F20911E0500EC53CF /* Menu.entitlements */ = {isa = PBXFileReference; lastKnownFileType = text.plist.entitlements; path = Menu.entitlements; sourceTree = "<group>"; };
		5DBF245020A0BD950057440B /* ScrollViewController.swift */ = {isa = PBXFileReference; lastKnownFileType = sourcecode.swift; path = ScrollViewController.swift; sourceTree = "<group>"; };
		5DD8FC38209387C700F085CD /* TabBarViewController.swift */ = {isa = PBXFileReference; lastKnownFileType = sourcecode.swift; path = TabBarViewController.swift; sourceTree = "<group>"; };
		5DD8FC3A2093880100F085CD /* MenuFinderViewController.swift */ = {isa = PBXFileReference; lastKnownFileType = sourcecode.swift; path = MenuFinderViewController.swift; sourceTree = "<group>"; };
		5DD8FC3C2093899E00F085CD /* CameraViewController.swift */ = {isa = PBXFileReference; lastKnownFileType = sourcecode.swift; path = CameraViewController.swift; sourceTree = "<group>"; };
		5DD8FC412094180700F085CD /* InitialScreenViewController.swift */ = {isa = PBXFileReference; lastKnownFileType = sourcecode.swift; path = InitialScreenViewController.swift; sourceTree = "<group>"; };
		5DD8FC4720953D4200F085CD /* MenuDisplayViewController.swift */ = {isa = PBXFileReference; lastKnownFileType = sourcecode.swift; path = MenuDisplayViewController.swift; sourceTree = "<group>"; };
		5DE3F6F720A23324001334B3 /* Restaurant.swift */ = {isa = PBXFileReference; lastKnownFileType = sourcecode.swift; path = Restaurant.swift; sourceTree = "<group>"; };
		5DE3F6F920A24D3E001334B3 /* RestaurantController.swift */ = {isa = PBXFileReference; lastKnownFileType = sourcecode.swift; path = RestaurantController.swift; sourceTree = "<group>"; };
		5DE3F6FB20A3D4CA001334B3 /* TableViewsController.swift */ = {isa = PBXFileReference; lastKnownFileType = sourcecode.swift; path = TableViewsController.swift; sourceTree = "<group>"; };
		5DF8BA49208E325800019E5E /* Menu.app */ = {isa = PBXFileReference; explicitFileType = wrapper.application; includeInIndex = 0; path = Menu.app; sourceTree = BUILT_PRODUCTS_DIR; };
		5DF8BA4C208E325800019E5E /* AppDelegate.swift */ = {isa = PBXFileReference; lastKnownFileType = sourcecode.swift; path = AppDelegate.swift; sourceTree = "<group>"; };
		5DF8BA51208E325800019E5E /* Base */ = {isa = PBXFileReference; lastKnownFileType = file.storyboard; name = Base; path = Base.lproj/Main.storyboard; sourceTree = "<group>"; };
		5DF8BA53208E325800019E5E /* Assets.xcassets */ = {isa = PBXFileReference; lastKnownFileType = folder.assetcatalog; path = Assets.xcassets; sourceTree = "<group>"; };
		5DF8BA56208E325800019E5E /* Base */ = {isa = PBXFileReference; lastKnownFileType = file.storyboard; name = Base; path = Base.lproj/LaunchScreen.storyboard; sourceTree = "<group>"; };
		5DF8BA58208E325800019E5E /* Info.plist */ = {isa = PBXFileReference; lastKnownFileType = text.plist.xml; path = Info.plist; sourceTree = "<group>"; };
		6BBD9B5320D859834947D670 /* Pods_Menu.framework */ = {isa = PBXFileReference; explicitFileType = wrapper.framework; includeInIndex = 0; path = Pods_Menu.framework; sourceTree = BUILT_PRODUCTS_DIR; };
		79448EAE3AAA893F2BA983A7 /* Pods-Menu.debug.xcconfig */ = {isa = PBXFileReference; includeInIndex = 1; lastKnownFileType = text.xcconfig; name = "Pods-Menu.debug.xcconfig"; path = "Pods/Target Support Files/Pods-Menu/Pods-Menu.debug.xcconfig"; sourceTree = "<group>"; };
		928BBA12B8D8E26F2FA2FBCE /* Pods-Menu.release.xcconfig */ = {isa = PBXFileReference; includeInIndex = 1; lastKnownFileType = text.xcconfig; name = "Pods-Menu.release.xcconfig"; path = "Pods/Target Support Files/Pods-Menu/Pods-Menu.release.xcconfig"; sourceTree = "<group>"; };
/* End PBXFileReference section */

/* Begin PBXFrameworksBuildPhase section */
		5DF8BA46208E325800019E5E /* Frameworks */ = {
			isa = PBXFrameworksBuildPhase;
			buildActionMask = 2147483647;
			files = (
				2108D96CA058D1EC18A91414 /* Pods_Menu.framework in Frameworks */,
			);
			runOnlyForDeploymentPostprocessing = 0;
		};
/* End PBXFrameworksBuildPhase section */

/* Begin PBXGroup section */
		3F1D4D6D088FB4A407D18E24 /* Frameworks */ = {
			isa = PBXGroup;
			children = (
				6BBD9B5320D859834947D670 /* Pods_Menu.framework */,
			);
			name = Frameworks;
			sourceTree = "<group>";
		};
		5DBF245220A0BD9A0057440B /* AfterScanViewControllers */ = {
			isa = PBXGroup;
			children = (
				5DBF245020A0BD950057440B /* ScrollViewController.swift */,
			);
			path = AfterScanViewControllers;
			sourceTree = "<group>";
		};
		5DD8FC3E209406C100F085CD /* ViewControllers */ = {
			isa = PBXGroup;
			children = (
				5DD8FC412094180700F085CD /* InitialScreenViewController.swift */,
				5DD8FC38209387C700F085CD /* TabBarViewController.swift */,
				5DD8FC3A2093880100F085CD /* MenuFinderViewController.swift */,
				5DD8FC4720953D4200F085CD /* MenuDisplayViewController.swift */,
				5DD8FC3C2093899E00F085CD /* CameraViewController.swift */,
			);
			path = ViewControllers;
			sourceTree = "<group>";
		};
		5DF8BA40208E325800019E5E = {
			isa = PBXGroup;
			children = (
				5DF8BA4B208E325800019E5E /* Menu */,
				5DF8BA4A208E325800019E5E /* Products */,
				B026D968DD2D3576A8893F56 /* Pods */,
				3F1D4D6D088FB4A407D18E24 /* Frameworks */,
			);
			sourceTree = "<group>";
		};
		5DF8BA4A208E325800019E5E /* Products */ = {
			isa = PBXGroup;
			children = (
				5DF8BA49208E325800019E5E /* Menu.app */,
			);
			name = Products;
			sourceTree = "<group>";
		};
		5DF8BA4B208E325800019E5E /* Menu */ = {
			isa = PBXGroup;
			children = (
				5D4CA86F20911E0500EC53CF /* Menu.entitlements */,
				5DF8BA4C208E325800019E5E /* AppDelegate.swift */,
				5DE3F6F720A23324001334B3 /* Restaurant.swift */,
				5DE3F6F920A24D3E001334B3 /* RestaurantController.swift */,
				5DE3F6FB20A3D4CA001334B3 /* TableViewsController.swift */,
				5D47055F20A50FF500C25222 /* ItemsTableViewCell.swift */,
				5DD8FC3E209406C100F085CD /* ViewControllers */,
				5DBF245220A0BD9A0057440B /* AfterScanViewControllers */,
				5DF8BA7F208E887900019E5E /* Resources */,
			);
			path = Menu;
			sourceTree = "<group>";
		};
		5DF8BA7F208E887900019E5E /* Resources */ = {
			isa = PBXGroup;
			children = (
				5DF8BA50208E325800019E5E /* Main.storyboard */,
				5DF8BA53208E325800019E5E /* Assets.xcassets */,
				5DF8BA55208E325800019E5E /* LaunchScreen.storyboard */,
				5DF8BA58208E325800019E5E /* Info.plist */,
				5D4458A1209115B800BB92A3 /* GoogleService-Info.plist */,
			);
			path = Resources;
			sourceTree = "<group>";
		};
		B026D968DD2D3576A8893F56 /* Pods */ = {
			isa = PBXGroup;
			children = (
				79448EAE3AAA893F2BA983A7 /* Pods-Menu.debug.xcconfig */,
				928BBA12B8D8E26F2FA2FBCE /* Pods-Menu.release.xcconfig */,
			);
			name = Pods;
			sourceTree = "<group>";
		};
/* End PBXGroup section */

/* Begin PBXNativeTarget section */
		5DF8BA48208E325800019E5E /* Menu */ = {
			isa = PBXNativeTarget;
			buildConfigurationList = 5DF8BA5B208E325800019E5E /* Build configuration list for PBXNativeTarget "Menu" */;
			buildPhases = (
				4F280263063355B4F591CC0A /* [CP] Check Pods Manifest.lock */,
				5DF8BA45208E325800019E5E /* Sources */,
				5DF8BA46208E325800019E5E /* Frameworks */,
				5DF8BA47208E325800019E5E /* Resources */,
				BEC0C60CF89B0E6C5E43200E /* [CP] Embed Pods Frameworks */,
			);
			buildRules = (
			);
			dependencies = (
			);
			name = Menu;
			productName = Menu;
			productReference = 5DF8BA49208E325800019E5E /* Menu.app */;
			productType = "com.apple.product-type.application";
		};
/* End PBXNativeTarget section */

/* Begin PBXProject section */
		5DF8BA41208E325800019E5E /* Project object */ = {
			isa = PBXProject;
			attributes = {
				LastSwiftUpdateCheck = 0930;
				LastUpgradeCheck = 0930;
				ORGANIZATIONNAME = "Herman Kwan";
				TargetAttributes = {
					5DF8BA48208E325800019E5E = {
						CreatedOnToolsVersion = 9.3;
						SystemCapabilities = {
							com.apple.SafariKeychain = {
								enabled = 1;
							};
						};
					};
				};
			};
			buildConfigurationList = 5DF8BA44208E325800019E5E /* Build configuration list for PBXProject "Menu" */;
			compatibilityVersion = "Xcode 9.3";
			developmentRegion = en;
			hasScannedForEncodings = 0;
			knownRegions = (
				en,
				Base,
			);
			mainGroup = 5DF8BA40208E325800019E5E;
			productRefGroup = 5DF8BA4A208E325800019E5E /* Products */;
			projectDirPath = "";
			projectRoot = "";
			targets = (
				5DF8BA48208E325800019E5E /* Menu */,
			);
		};
/* End PBXProject section */

/* Begin PBXResourcesBuildPhase section */
		5DF8BA47208E325800019E5E /* Resources */ = {
			isa = PBXResourcesBuildPhase;
			buildActionMask = 2147483647;
			files = (
				5DF8BA57208E325800019E5E /* LaunchScreen.storyboard in Resources */,
				5DF8BA54208E325800019E5E /* Assets.xcassets in Resources */,
				5D4458A2209115B800BB92A3 /* GoogleService-Info.plist in Resources */,
				5DF8BA52208E325800019E5E /* Main.storyboard in Resources */,
			);
			runOnlyForDeploymentPostprocessing = 0;
		};
/* End PBXResourcesBuildPhase section */

/* Begin PBXShellScriptBuildPhase section */
		4F280263063355B4F591CC0A /* [CP] Check Pods Manifest.lock */ = {
			isa = PBXShellScriptBuildPhase;
			buildActionMask = 2147483647;
			files = (
			);
			inputPaths = (
				"${PODS_PODFILE_DIR_PATH}/Podfile.lock",
				"${PODS_ROOT}/Manifest.lock",
			);
			name = "[CP] Check Pods Manifest.lock";
			outputPaths = (
				"$(DERIVED_FILE_DIR)/Pods-Menu-checkManifestLockResult.txt",
			);
			runOnlyForDeploymentPostprocessing = 0;
			shellPath = /bin/sh;
			shellScript = "diff \"${PODS_PODFILE_DIR_PATH}/Podfile.lock\" \"${PODS_ROOT}/Manifest.lock\" > /dev/null\nif [ $? != 0 ] ; then\n    # print error to STDERR\n    echo \"error: The sandbox is not in sync with the Podfile.lock. Run 'pod install' or update your CocoaPods installation.\" >&2\n    exit 1\nfi\n# This output is used by Xcode 'outputs' to avoid re-running this script phase.\necho \"SUCCESS\" > \"${SCRIPT_OUTPUT_FILE_0}\"\n";
			showEnvVarsInLog = 0;
		};
		BEC0C60CF89B0E6C5E43200E /* [CP] Embed Pods Frameworks */ = {
			isa = PBXShellScriptBuildPhase;
			buildActionMask = 2147483647;
			files = (
			);
			inputPaths = (
				"${SRCROOT}/Pods/Target Support Files/Pods-Menu/Pods-Menu-frameworks.sh",
				"${BUILT_PRODUCTS_DIR}/GTMSessionFetcher/GTMSessionFetcher.framework",
				"${BUILT_PRODUCTS_DIR}/GoogleToolboxForMac/GoogleToolboxForMac.framework",
				"${BUILT_PRODUCTS_DIR}/leveldb-library/leveldb.framework",
				"${BUILT_PRODUCTS_DIR}/nanopb/nanopb.framework",
			);
			name = "[CP] Embed Pods Frameworks";
			outputPaths = (
				"${TARGET_BUILD_DIR}/${FRAMEWORKS_FOLDER_PATH}/GTMSessionFetcher.framework",
				"${TARGET_BUILD_DIR}/${FRAMEWORKS_FOLDER_PATH}/GoogleToolboxForMac.framework",
				"${TARGET_BUILD_DIR}/${FRAMEWORKS_FOLDER_PATH}/leveldb.framework",
				"${TARGET_BUILD_DIR}/${FRAMEWORKS_FOLDER_PATH}/nanopb.framework",
			);
			runOnlyForDeploymentPostprocessing = 0;
			shellPath = /bin/sh;
			shellScript = "\"${SRCROOT}/Pods/Target Support Files/Pods-Menu/Pods-Menu-frameworks.sh\"\n";
			showEnvVarsInLog = 0;
		};
/* End PBXShellScriptBuildPhase section */

/* Begin PBXSourcesBuildPhase section */
		5DF8BA45208E325800019E5E /* Sources */ = {
			isa = PBXSourcesBuildPhase;
			buildActionMask = 2147483647;
			files = (
				5DE3F6F820A23324001334B3 /* Restaurant.swift in Sources */,
				5DE3F6FC20A3D4CA001334B3 /* TableViewsController.swift in Sources */,
				5DE3F6FA20A24D3E001334B3 /* RestaurantController.swift in Sources */,
				5DD8FC3B2093880100F085CD /* MenuFinderViewController.swift in Sources */,
				5DD8FC3D2093899E00F085CD /* CameraViewController.swift in Sources */,
				5DD8FC4820953D4200F085CD /* MenuDisplayViewController.swift in Sources */,
				5DD8FC422094180700F085CD /* InitialScreenViewController.swift in Sources */,
				5D47056020A50FF500C25222 /* ItemsTableViewCell.swift in Sources */,
				5DBF245120A0BD950057440B /* ScrollViewController.swift in Sources */,
				5DD8FC39209387C700F085CD /* TabBarViewController.swift in Sources */,
				5DF8BA4D208E325800019E5E /* AppDelegate.swift in Sources */,
			);
			runOnlyForDeploymentPostprocessing = 0;
		};
/* End PBXSourcesBuildPhase section */

/* Begin PBXVariantGroup section */
		5DF8BA50208E325800019E5E /* Main.storyboard */ = {
			isa = PBXVariantGroup;
			children = (
				5DF8BA51208E325800019E5E /* Base */,
			);
			name = Main.storyboard;
			sourceTree = "<group>";
		};
		5DF8BA55208E325800019E5E /* LaunchScreen.storyboard */ = {
			isa = PBXVariantGroup;
			children = (
				5DF8BA56208E325800019E5E /* Base */,
			);
			name = LaunchScreen.storyboard;
			sourceTree = "<group>";
		};
/* End PBXVariantGroup section */

/* Begin XCBuildConfiguration section */
		5DF8BA59208E325800019E5E /* Debug */ = {
			isa = XCBuildConfiguration;
			buildSettings = {
				ALWAYS_SEARCH_USER_PATHS = NO;
				CLANG_ANALYZER_NONNULL = YES;
				CLANG_ANALYZER_NUMBER_OBJECT_CONVERSION = YES_AGGRESSIVE;
				CLANG_CXX_LANGUAGE_STANDARD = "gnu++14";
				CLANG_CXX_LIBRARY = "libc++";
				CLANG_ENABLE_MODULES = YES;
				CLANG_ENABLE_OBJC_ARC = YES;
				CLANG_ENABLE_OBJC_WEAK = YES;
				CLANG_WARN_BLOCK_CAPTURE_AUTORELEASING = YES;
				CLANG_WARN_BOOL_CONVERSION = YES;
				CLANG_WARN_COMMA = YES;
				CLANG_WARN_CONSTANT_CONVERSION = YES;
				CLANG_WARN_DEPRECATED_OBJC_IMPLEMENTATIONS = YES;
				CLANG_WARN_DIRECT_OBJC_ISA_USAGE = YES_ERROR;
				CLANG_WARN_DOCUMENTATION_COMMENTS = YES;
				CLANG_WARN_EMPTY_BODY = YES;
				CLANG_WARN_ENUM_CONVERSION = YES;
				CLANG_WARN_INFINITE_RECURSION = YES;
				CLANG_WARN_INT_CONVERSION = YES;
				CLANG_WARN_NON_LITERAL_NULL_CONVERSION = YES;
				CLANG_WARN_OBJC_IMPLICIT_RETAIN_SELF = YES;
				CLANG_WARN_OBJC_LITERAL_CONVERSION = YES;
				CLANG_WARN_OBJC_ROOT_CLASS = YES_ERROR;
				CLANG_WARN_RANGE_LOOP_ANALYSIS = YES;
				CLANG_WARN_STRICT_PROTOTYPES = YES;
				CLANG_WARN_SUSPICIOUS_MOVE = YES;
				CLANG_WARN_UNGUARDED_AVAILABILITY = YES_AGGRESSIVE;
				CLANG_WARN_UNREACHABLE_CODE = YES;
				CLANG_WARN__DUPLICATE_METHOD_MATCH = YES;
				CODE_SIGN_IDENTITY = "iPhone Developer";
				COPY_PHASE_STRIP = NO;
				DEBUG_INFORMATION_FORMAT = dwarf;
				ENABLE_STRICT_OBJC_MSGSEND = YES;
				ENABLE_TESTABILITY = YES;
				GCC_C_LANGUAGE_STANDARD = gnu11;
				GCC_DYNAMIC_NO_PIC = NO;
				GCC_NO_COMMON_BLOCKS = YES;
				GCC_OPTIMIZATION_LEVEL = 0;
				GCC_PREPROCESSOR_DEFINITIONS = (
					"DEBUG=1",
					"$(inherited)",
				);
				GCC_WARN_64_TO_32_BIT_CONVERSION = YES;
				GCC_WARN_ABOUT_RETURN_TYPE = YES_ERROR;
				GCC_WARN_UNDECLARED_SELECTOR = YES;
				GCC_WARN_UNINITIALIZED_AUTOS = YES_AGGRESSIVE;
				GCC_WARN_UNUSED_FUNCTION = YES;
				GCC_WARN_UNUSED_VARIABLE = YES;
				IPHONEOS_DEPLOYMENT_TARGET = 11.3;
				MTL_ENABLE_DEBUG_INFO = YES;
				ONLY_ACTIVE_ARCH = YES;
				SDKROOT = iphoneos;
				SWIFT_ACTIVE_COMPILATION_CONDITIONS = DEBUG;
				SWIFT_OPTIMIZATION_LEVEL = "-Onone";
			};
			name = Debug;
		};
		5DF8BA5A208E325800019E5E /* Release */ = {
			isa = XCBuildConfiguration;
			buildSettings = {
				ALWAYS_SEARCH_USER_PATHS = NO;
				CLANG_ANALYZER_NONNULL = YES;
				CLANG_ANALYZER_NUMBER_OBJECT_CONVERSION = YES_AGGRESSIVE;
				CLANG_CXX_LANGUAGE_STANDARD = "gnu++14";
				CLANG_CXX_LIBRARY = "libc++";
				CLANG_ENABLE_MODULES = YES;
				CLANG_ENABLE_OBJC_ARC = YES;
				CLANG_ENABLE_OBJC_WEAK = YES;
				CLANG_WARN_BLOCK_CAPTURE_AUTORELEASING = YES;
				CLANG_WARN_BOOL_CONVERSION = YES;
				CLANG_WARN_COMMA = YES;
				CLANG_WARN_CONSTANT_CONVERSION = YES;
				CLANG_WARN_DEPRECATED_OBJC_IMPLEMENTATIONS = YES;
				CLANG_WARN_DIRECT_OBJC_ISA_USAGE = YES_ERROR;
				CLANG_WARN_DOCUMENTATION_COMMENTS = YES;
				CLANG_WARN_EMPTY_BODY = YES;
				CLANG_WARN_ENUM_CONVERSION = YES;
				CLANG_WARN_INFINITE_RECURSION = YES;
				CLANG_WARN_INT_CONVERSION = YES;
				CLANG_WARN_NON_LITERAL_NULL_CONVERSION = YES;
				CLANG_WARN_OBJC_IMPLICIT_RETAIN_SELF = YES;
				CLANG_WARN_OBJC_LITERAL_CONVERSION = YES;
				CLANG_WARN_OBJC_ROOT_CLASS = YES_ERROR;
				CLANG_WARN_RANGE_LOOP_ANALYSIS = YES;
				CLANG_WARN_STRICT_PROTOTYPES = YES;
				CLANG_WARN_SUSPICIOUS_MOVE = YES;
				CLANG_WARN_UNGUARDED_AVAILABILITY = YES_AGGRESSIVE;
				CLANG_WARN_UNREACHABLE_CODE = YES;
				CLANG_WARN__DUPLICATE_METHOD_MATCH = YES;
				CODE_SIGN_IDENTITY = "iPhone Developer";
				COPY_PHASE_STRIP = NO;
				DEBUG_INFORMATION_FORMAT = "dwarf-with-dsym";
				ENABLE_NS_ASSERTIONS = NO;
				ENABLE_STRICT_OBJC_MSGSEND = YES;
				GCC_C_LANGUAGE_STANDARD = gnu11;
				GCC_NO_COMMON_BLOCKS = YES;
				GCC_WARN_64_TO_32_BIT_CONVERSION = YES;
				GCC_WARN_ABOUT_RETURN_TYPE = YES_ERROR;
				GCC_WARN_UNDECLARED_SELECTOR = YES;
				GCC_WARN_UNINITIALIZED_AUTOS = YES_AGGRESSIVE;
				GCC_WARN_UNUSED_FUNCTION = YES;
				GCC_WARN_UNUSED_VARIABLE = YES;
				IPHONEOS_DEPLOYMENT_TARGET = 11.3;
				MTL_ENABLE_DEBUG_INFO = NO;
				SDKROOT = iphoneos;
				SWIFT_COMPILATION_MODE = wholemodule;
				SWIFT_OPTIMIZATION_LEVEL = "-O";
				VALIDATE_PRODUCT = YES;
			};
			name = Release;
		};
		5DF8BA5C208E325800019E5E /* Debug */ = {
			isa = XCBuildConfiguration;
			baseConfigurationReference = 79448EAE3AAA893F2BA983A7 /* Pods-Menu.debug.xcconfig */;
			buildSettings = {
				ASSETCATALOG_COMPILER_APPICON_NAME = AppIcon;
				CODE_SIGN_ENTITLEMENTS = Menu/Menu.entitlements;
				CODE_SIGN_STYLE = Automatic;
				DEVELOPMENT_TEAM = M7K48WSGV7;
				INFOPLIST_FILE = "$(SRCROOT)/Menu/Resources/Info.plist";
				LD_RUNPATH_SEARCH_PATHS = (
					"$(inherited)",
					"@executable_path/Frameworks",
				);
				PRODUCT_BUNDLE_IDENTIFIER = com.HermanKayy.Menu;
				PRODUCT_NAME = "$(TARGET_NAME)";
				SWIFT_VERSION = 4.0;
				TARGETED_DEVICE_FAMILY = "1,2";
			};
			name = Debug;
		};
		5DF8BA5D208E325800019E5E /* Release */ = {
			isa = XCBuildConfiguration;
			baseConfigurationReference = 928BBA12B8D8E26F2FA2FBCE /* Pods-Menu.release.xcconfig */;
			buildSettings = {
				ASSETCATALOG_COMPILER_APPICON_NAME = AppIcon;
				CODE_SIGN_ENTITLEMENTS = Menu/Menu.entitlements;
				CODE_SIGN_STYLE = Automatic;
				DEVELOPMENT_TEAM = M7K48WSGV7;
				INFOPLIST_FILE = "$(SRCROOT)/Menu/Resources/Info.plist";
				LD_RUNPATH_SEARCH_PATHS = (
					"$(inherited)",
					"@executable_path/Frameworks",
				);
				PRODUCT_BUNDLE_IDENTIFIER = com.HermanKayy.Menu;
				PRODUCT_NAME = "$(TARGET_NAME)";
				SWIFT_VERSION = 4.0;
				TARGETED_DEVICE_FAMILY = "1,2";
			};
			name = Release;
		};
/* End XCBuildConfiguration section */

/* Begin XCConfigurationList section */
		5DF8BA44208E325800019E5E /* Build configuration list for PBXProject "Menu" */ = {
			isa = XCConfigurationList;
			buildConfigurations = (
				5DF8BA59208E325800019E5E /* Debug */,
				5DF8BA5A208E325800019E5E /* Release */,
			);
			defaultConfigurationIsVisible = 0;
			defaultConfigurationName = Release;
		};
		5DF8BA5B208E325800019E5E /* Build configuration list for PBXNativeTarget "Menu" */ = {
			isa = XCConfigurationList;
			buildConfigurations = (
				5DF8BA5C208E325800019E5E /* Debug */,
				5DF8BA5D208E325800019E5E /* Release */,
			);
			defaultConfigurationIsVisible = 0;
			defaultConfigurationName = Release;
		};
/* End XCConfigurationList section */
	};
	rootObject = 5DF8BA41208E325800019E5E /* Project object */;
}
